{
  "name": "project9",
  "version": "1.0.0",
  "lockfileVersion": 2,
  "requires": true,
  "packages": {
    "": {
      "name": "project9",
      "version": "1.0.0",
      "license": "ISC",
      "dependencies": {
        "jquery3": "file:jquery"
      },
      "devDependencies": {}
    },
    "jquery": {
      "name": "jquery3",
      "version": "1.0.0",
      "license": "ISC"
    },
    "node_modules/jquery3": {
      "resolved": "jquery",
      "link": true
    }
  },
  "dependencies": {
    "jquery3": {
      "version": "file:jquery"
    }
  }
}
